<?xml version="1.0" encoding="utf-8"?>
<Project ToolsVersion="4.0" xmlns="http://schemas.microsoft.com/developer/msbuild/2003">
  <ItemGroup>
    <ClCompile Include="PluginSDK.cpp">
      <Filter>Header Files\SDK</Filter>
    </ClCompile>
    <ClCompile Include="Program.cpp" />
    <ClCompile Include="Credits.cpp" />
  </ItemGroup>
  <ItemGroup>
    <ClInclude Include="BaseMenu.h">
      <Filter>Header Files\Custom</Filter>
    </ClInclude>
    <ClInclude Include="Color.h">
      <Filter>Header Files\Custom</Filter>
    </ClInclude>
    <ClInclude Include="Common.h">
      <Filter>Header Files\Custom</Filter>
    </ClInclude>
    <ClInclude Include="TextHeader.h">
      <Filter>Header Files\Custom</Filter>
    </ClInclude>
    <ClInclude Include="Version.h">
      <Filter>Header Files\Custom</Filter>
    </ClInclude>
    <ClInclude Include="AutoLeveler.h">
      <Filter>Header Files\Utility</Filter>
    </ClInclude>
    <ClInclude Include="PluginSDK.h">
      <Filter>Header Files\SDK</Filter>
    </ClInclude>
    <ClInclude Include="PluginData.h">
      <Filter>Header Files\SDK</Filter>
    </ClInclude>
    <ClInclude Include="LPPConstants.h">
      <Filter>Header Files\SDK</Filter>
    </ClInclude>
    <ClInclude Include="Vector3.h">
      <Filter>Header Files\SDK</Filter>
    </ClInclude>
    <ClInclude Include="Champions.h">
      <Filter>Header Files\Champions</Filter>
    </ClInclude>
    <ClInclude Include="AutoSmite.h">
      <Filter>Header Files\Utility</Filter>
    </ClInclude>
    <ClInclude Include="cTemplate.h">
      <Filter>Header Files\Champions</Filter>
    </ClInclude>
    <ClInclude Include="zVarus.h">
      <Filter>Header Files\Champions\ADC</Filter>
    </ClInclude>
    <ClInclude Include="zNocturne.h">
      <Filter>Header Files\Champions\Jungle</Filter>
    </ClInclude>
    <ClInclude Include="zOlaf.h">
      <Filter>Header Files\Champions\Jungle</Filter>
    </ClInclude>
    <ClInclude Include="zAhri.h">
      <Filter>Header Files\Champions\Midlane</Filter>
    </ClInclude>
    <ClInclude Include="zZiggs.h">
      <Filter>Header Files\Champions\Midlane</Filter>
    </ClInclude>
    <ClInclude Include="zCorki.h">
      <Filter>Header Files\Champions\ADC</Filter>
    </ClInclude>
    <ClInclude Include="zDraven.h">
      <Filter>Header Files\Champions\ADC</Filter>
    </ClInclude>
    <ClInclude Include="zHecarim.h">
      <Filter>Header Files\Champions\Jungle</Filter>
    </ClInclude>
    <ClInclude Include="zKogmaw.h">
      <Filter>Header Files\Champions\ADC</Filter>
    </ClInclude>
    <ClInclude Include="zAshe.h">
      <Filter>Header Files\Champions\ADC</Filter>
    </ClInclude>
    <ClInclude Include="zShen.h">
      <Filter>Header Files\Champions\Toplane</Filter>
    </ClInclude>
    <ClInclude Include="zMaokai.h">
      <Filter>Header Files\Champions\Toplane</Filter>
    </ClInclude>
    <ClInclude Include="zPoppy.h">
      <Filter>Header Files\Champions\Toplane</Filter>
    </ClInclude>
    <ClInclude Include="zDrMundo.h">
      <Filter>Header Files\Champions\Toplane</Filter>
    </ClInclude>
    <ClInclude Include="Toxic.h">
      <Filter>Header Files\Utility</Filter>
    </ClInclude>
    <ClInclude Include="zLux.h">
      <Filter>Header Files\Champions\Midlane</Filter>
    </ClInclude>
    <ClInclude Include="Xerath.h">
      <Filter>Header Files\Champions\Midlane</Filter>
    </ClInclude>
    <ClInclude Include="Ezreal.h">
      <Filter>Header Files\Champions\ADC</Filter>
    </ClInclude>
  </ItemGroup>
  <ItemGroup>
    <Filter Include="Header Files">
      <UniqueIdentifier>{d7909f1d-7f1c-483f-a6f2-02485284fe3f}</UniqueIdentifier>
    </Filter>
    <Filter Include="Header Files\Champions">
      <UniqueIdentifier>{e71eb9cd-5a78-4115-b274-a4b195f2e8ca}</UniqueIdentifier>
    </Filter>
    <Filter Include="Header Files\Champions\ADC">
      <UniqueIdentifier>{6db6df15-55df-439e-935c-459f1bf542db}</UniqueIdentifier>
    </Filter>
    <Filter Include="Header Files\SDK">
      <UniqueIdentifier>{21f01190-adb4-4c3b-8b46-4f5667ea87d8}</UniqueIdentifier>
    </Filter>
    <Filter Include="Header Files\Utility">
      <UniqueIdentifier>{43588e25-80ad-465b-81e7-780aefcfcb1c}</UniqueIdentifier>
    </Filter>
    <Filter Include="Header Files\Champions\Toplane">
      <UniqueIdentifier>{355b6227-5eaf-40e0-aec2-f57f7a1f5ac5}</UniqueIdentifier>
    </Filter>
    <Filter Include="Header Files\Champions\Support">
      <UniqueIdentifier>{108c6d60-30db-4372-b325-8c7f9e87efa9}</UniqueIdentifier>
    </Filter>
    <Filter Include="Header Files\Champions\Midlane">
      <UniqueIdentifier>{e9776547-679a-4daf-b3f6-2d829b5fc86c}</UniqueIdentifier>
    </Filter>
    <Filter Include="Header Files\Champions\Jungle">
      <UniqueIdentifier>{c0f5b255-5bf3-41c5-8f6e-f1329a593c79}</UniqueIdentifier>
    </Filter>
    <Filter Include="Header Files\Custom">
      <UniqueIdentifier>{3e2adf1f-3c7e-4199-a715-0bf9c7242130}</UniqueIdentifier>
    </Filter>
  </ItemGroup>
</Project>