<?xml version="1.0" encoding="utf-8"?>
<Project ToolsVersion="4.0" xmlns="http://schemas.microsoft.com/developer/msbuild/2003">
  <ItemGroup>
    <Filter Include="Source Files">
      <UniqueIdentifier>{4FC737F1-C7A5-4376-A066-2A32D752A2FF}</UniqueIdentifier>
      <Extensions>cpp;c;cc;cxx;def;odl;idl;hpj;bat;asm;asmx</Extensions>
    </Filter>
    <Filter Include="Header Files">
      <UniqueIdentifier>{93995380-89BD-4b04-88EB-625FBE52EBFB}</UniqueIdentifier>
      <Extensions>h;hh;hpp;hxx;hm;inl;inc;xsd</Extensions>
    </Filter>
    <Filter Include="Resource Files">
      <UniqueIdentifier>{67DA6AB6-F800-4c08-8B7A-83BB121AAD01}</UniqueIdentifier>
      <Extensions>rc;ico;cur;bmp;dlg;rc2;rct;bin;rgs;gif;jpg;jpeg;jpe;resx;tiff;tif;png;wav;mfcribbon-ms</Extensions>
    </Filter>
    <Filter Include="Header Files\SDK">
      <UniqueIdentifier>{16498ad2-6786-4301-bc0d-5d48f08d4185}</UniqueIdentifier>
    </Filter>
    <Filter Include="Header Files\Utility">
      <UniqueIdentifier>{fb49b02e-039f-4164-8857-99c47c2c990f}</UniqueIdentifier>
    </Filter>
    <Filter Include="Header Files\Custom/Common">
      <UniqueIdentifier>{00285616-8dfe-4fbc-bc4e-caf9ef772702}</UniqueIdentifier>
    </Filter>
    <Filter Include="Header Files\Champions">
      <UniqueIdentifier>{a8e52e86-b2c9-4935-b761-130cfeea48eb}</UniqueIdentifier>
    </Filter>
    <Filter Include="Header Files\Champions\Midlane">
      <UniqueIdentifier>{9fdc098c-03d6-41cf-8fd8-866684a7274e}</UniqueIdentifier>
    </Filter>
    <Filter Include="Header Files\Champions\Jungle">
      <UniqueIdentifier>{7096a396-6c2e-464b-9343-0465291d7be7}</UniqueIdentifier>
    </Filter>
    <Filter Include="Header Files\Champions\ADC">
      <UniqueIdentifier>{a2988ff6-947d-483e-8f07-abb8f7cdc203}</UniqueIdentifier>
    </Filter>
    <Filter Include="Header Files\Champions\Support">
      <UniqueIdentifier>{a3ffafe0-1a2b-41b0-9e56-e9e1e4161c81}</UniqueIdentifier>
    </Filter>
    <Filter Include="Header Files\Champions\TopLane">
      <UniqueIdentifier>{05dbd84b-656a-406e-aba3-f64597b9c891}</UniqueIdentifier>
    </Filter>
  </ItemGroup>
  <ItemGroup>
    <ClInclude Include="Ezreal.h">
      <Filter>Header Files\Champions\ADC</Filter>
    </ClInclude>
    <ClInclude Include="Ashe.h">
      <Filter>Header Files\Champions\ADC</Filter>
    </ClInclude>
    <ClInclude Include="Rengar.h">
      <Filter>Header Files\Champions\Jungle</Filter>
    </ClInclude>
    <ClInclude Include="Olaf.h">
      <Filter>Header Files\Champions\Jungle</Filter>
    </ClInclude>
    <ClInclude Include="Nocturne.h">
      <Filter>Header Files\Champions\Jungle</Filter>
    </ClInclude>
    <ClInclude Include="Hecarim.h">
      <Filter>Header Files\Champions\Jungle</Filter>
    </ClInclude>
    <ClInclude Include="Ahri.h">
      <Filter>Header Files\Champions\Midlane</Filter>
    </ClInclude>
    <ClInclude Include="Xerath.h">
      <Filter>Header Files\Champions\Midlane</Filter>
    </ClInclude>
    <ClInclude Include="Karthus.h">
      <Filter>Header Files\Champions\Midlane</Filter>
    </ClInclude>
    <ClInclude Include="Draven.h">
      <Filter>Header Files\Champions\ADC</Filter>
    </ClInclude>
    <ClInclude Include="Darius.h">
      <Filter>Header Files\Champions\TopLane</Filter>
    </ClInclude>
    <ClInclude Include="DrMundo.h">
      <Filter>Header Files\Champions\TopLane</Filter>
    </ClInclude>
    <ClInclude Include="Kayle.h">
      <Filter>Header Files\Champions\TopLane</Filter>
    </ClInclude>
    <ClInclude Include="Malphite.h">
      <Filter>Header Files\Champions\TopLane</Filter>
    </ClInclude>
    <ClInclude Include="Maokai.h">
      <Filter>Header Files\Champions\TopLane</Filter>
    </ClInclude>
    <ClInclude Include="Poppy.h">
      <Filter>Header Files\Champions\TopLane</Filter>
    </ClInclude>
    <ClInclude Include="Shen.h">
      <Filter>Header Files\Champions\TopLane</Filter>
    </ClInclude>
    <ClInclude Include="Warwick.h">
      <Filter>Header Files\Champions\Jungle</Filter>
    </ClInclude>
    <ClInclude Include="BaseMenu.h">
      <Filter>Header Files\Custom/Common</Filter>
    </ClInclude>
    <ClInclude Include="Common.h">
      <Filter>Header Files\Custom/Common</Filter>
    </ClInclude>
    <ClInclude Include="Color.h">
      <Filter>Header Files\Custom/Common</Filter>
    </ClInclude>
    <ClInclude Include="TextHeader.h">
      <Filter>Header Files\Custom/Common</Filter>
    </ClInclude>
    <ClInclude Include="Vector3.h">
      <Filter>Header Files\SDK</Filter>
    </ClInclude>
    <ClInclude Include="AutoSmite.h">
      <Filter>Header Files\Utility</Filter>
    </ClInclude>
    <ClInclude Include="ChampTemplate.h">
      <Filter>Header Files\Champions</Filter>
    </ClInclude>
    <ClInclude Include="Champions.h">
      <Filter>Header Files\Champions</Filter>
    </ClInclude>
    <ClInclude Include="Lux.h">
      <Filter>Header Files\Champions\Midlane</Filter>
    </ClInclude>
    <ClInclude Include="LPPConstants.h">
      <Filter>Header Files\SDK</Filter>
    </ClInclude>
    <ClInclude Include="PluginData.h">
      <Filter>Header Files\SDK</Filter>
    </ClInclude>
    <ClInclude Include="PluginSDK.h">
      <Filter>Header Files\SDK</Filter>
    </ClInclude>
    <ClInclude Include="Elise.h">
      <Filter>Header Files\Champions\Jungle</Filter>
    </ClInclude>
    <ClInclude Include="Caitlyn.h">
      <Filter>Header Files\Champions\ADC</Filter>
    </ClInclude>
    <ClInclude Include="SkinsChange.h">
      <Filter>Header Files\Utility</Filter>
    </ClInclude>
    <ClInclude Include="LeeSin.h">
      <Filter>Header Files\Champions\Jungle</Filter>
    </ClInclude>
    <ClInclude Include="Clipper.h">
      <Filter>Header Files\SDK</Filter>
    </ClInclude>
    <ClInclude Include="Polygons.h">
      <Filter>Header Files\SDK</Filter>
    </ClInclude>
    <ClInclude Include="Template.h">
      <Filter>Header Files\Custom/Common</Filter>
    </ClInclude>
    <ClInclude Include="SpellLib.h">
      <Filter>Header Files\Custom/Common</Filter>
    </ClInclude>
    <ClInclude Include="Toxic.h">
      <Filter>Header Files\Utility</Filter>
    </ClInclude>
    <ClInclude Include="Khazix.h">
      <Filter>Header Files\Champions\Jungle</Filter>
    </ClInclude>
    <ClInclude Include="Rumble.h">
      <Filter>Header Files\Champions\TopLane</Filter>
    </ClInclude>
    <ClInclude Include="Gragas.h">
      <Filter>Header Files\Champions\Jungle</Filter>
    </ClInclude>
    <ClInclude Include="Ekko.h">
      <Filter>Header Files\Champions\TopLane</Filter>
    </ClInclude>
    <ClInclude Include="Renekton.h">
      <Filter>Header Files\Champions\TopLane</Filter>
    </ClInclude>
    <ClInclude Include="ChoGath.h">
      <Filter>Header Files\Champions\TopLane</Filter>
    </ClInclude>
    <ClInclude Include="Trundle.h">
      <Filter>Header Files\Champions\TopLane</Filter>
    </ClInclude>
    <ClInclude Include="Jax.h">
      <Filter>Header Files\Champions\TopLane</Filter>
    </ClInclude>
    <ClInclude Include="Galio.h">
      <Filter>Header Files\Champions\Jungle</Filter>
    </ClInclude>
    <ClInclude Include="Gnar.h">
      <Filter>Header Files\Champions\TopLane</Filter>
    </ClInclude>
    <ClInclude Include="Ivern.h">
      <Filter>Header Files\Champions\Jungle</Filter>
    </ClInclude>
    <ClInclude Include="Kindred.h">
      <Filter>Header Files\Champions\Jungle</Filter>
    </ClInclude>
    <ClInclude Include="Vayne.h">
      <Filter>Header Files\Champions\ADC</Filter>
    </ClInclude>
    <ClInclude Include="Pantheon.h">
      <Filter>Header Files\Champions\TopLane</Filter>
    </ClInclude>
    <ClInclude Include="Syndra.h">
      <Filter>Header Files\Champions\Midlane</Filter>
    </ClInclude>
    <ClInclude Include="Trinket.h">
      <Filter>Header Files\Utility</Filter>
    </ClInclude>
    <ClInclude Include="Points.h">
      <Filter>Header Files\Custom/Common</Filter>
    </ClInclude>
    <ClInclude Include="Geometry.h">
      <Filter>Header Files\Custom/Common</Filter>
    </ClInclude>
    <ClInclude Include="Xayah.h">
      <Filter>Header Files\Champions\ADC</Filter>
    </ClInclude>
    <ClInclude Include="HpBarIndicator.h">
      <Filter>Header Files\Utility</Filter>
    </ClInclude>
    <ClInclude Include="Tristana.h">
      <Filter>Header Files\Champions\ADC</Filter>
    </ClInclude>
    <ClInclude Include="Varus.h">
      <Filter>Header Files\Champions\ADC</Filter>
    </ClInclude>
  </ItemGroup>
  <ItemGroup>
    <ClCompile Include="Program.cpp">
      <Filter>Source Files</Filter>
    </ClCompile>
    <ClCompile Include="Clipper.cpp">
      <Filter>Header Files\SDK</Filter>
    </ClCompile>
    <ClCompile Include="PluginSDK.cpp">
      <Filter>Header Files\SDK</Filter>
    </ClCompile>
  </ItemGroup>
</Project>